<?xml version="1.0" encoding="utf-8"?>
<Project ToolsVersion="4.0" xmlns="http://schemas.microsoft.com/developer/msbuild/2003">
  <ItemGroup>
    <Filter Include="include">
      <UniqueIdentifier>{93995380-89BD-4b04-88EB-625FBE52EBFB}</UniqueIdentifier>
      <Extensions>h;hh;hpp;hxx;h++;hm;inl;inc;ipp;xsd</Extensions>
    </Filter>
    <Filter Include="include\common">
      <UniqueIdentifier>{00a0a9e7-3372-40cf-89df-0f5a7cd1a7da}</UniqueIdentifier>
    </Filter>
  </ItemGroup>
  <ItemGroup>
    <ClInclude Include="include\common\Attribute.h">
      <Filter>include\common</Filter>
    </ClInclude>
    <ClInclude Include="include\common\Country.h">
      <Filter>include\common</Filter>
    </ClInclude>
    <ClInclude Include="include\common\Family.h">
      <Filter>include\common</Filter>
    </ClInclude>
    <ClInclude Include="include\common\Grow.h">
      <Filter>include\common</Filter>
    </ClInclude>
    <ClInclude Include="include\common\Job.h">
      <Filter>include\common</Filter>
    </ClInclude>
    <ClInclude Include="include\common\Sex.h">
      <Filter>include\common</Filter>
    </ClInclude>
    <ClInclude Include="include\common.h">
      <Filter>include</Filter>
    </ClInclude>
    <ClInclude Include="include\common\BillingItem.h">
      <Filter>include\common</Filter>
    </ClInclude>
    <ClInclude Include="include\common\ChatType.h">
      <Filter>include\common</Filter>
    </ClInclude>
    <ClInclude Include="include\common\InvasionPortal.h">
      <Filter>include\common</Filter>
    </ClInclude>
    <ClInclude Include="include\common\AuthStatus.h">
      <Filter>include\common</Filter>
    </ClInclude>
    <ClInclude Include="include\common\CraftName.h">
      <Filter>include\common</Filter>
    </ClInclude>
    <ClInclude Include="include\common\Gems.h">
      <Filter>include\common</Filter>
    </ClInclude>
    <ClInclude Include="include\common\ItemDivType.h">
      <Filter>include\common</Filter>
    </ClInclude>
    <ClInclude Include="include\common\ItemEffect.h">
      <Filter>include\common</Filter>
    </ClInclude>
    <ClInclude Include="include\common\ItemType.h">
      <Filter>include\common</Filter>
    </ClInclude>
    <ClInclude Include="include\common\MakeType.h">
      <Filter>include\common</Filter>
    </ClInclude>
    <ClInclude Include="include\common\MotionType.h">
      <Filter>include\common</Filter>
    </ClInclude>
    <ClInclude Include="include\common\NeedWeapon.h">
      <Filter>include\common</Filter>
    </ClInclude>
    <ClInclude Include="include\common\NpcType.h">
      <Filter>include\common</Filter>
    </ClInclude>
    <ClInclude Include="include\common\PartyType.h">
      <Filter>include\common</Filter>
    </ClInclude>
    <ClInclude Include="include\common\PvPStatusType.h">
      <Filter>include\common</Filter>
    </ClInclude>
    <ClInclude Include="include\common\ReqOg.h">
      <Filter>include\common</Filter>
    </ClInclude>
    <ClInclude Include="include\common\ShapeType.h">
      <Filter>include\common</Filter>
    </ClInclude>
    <ClInclude Include="include\common\SkillAbilityType.h">
      <Filter>include\common</Filter>
    </ClInclude>
    <ClInclude Include="include\common\SkillStatusType.h">
      <Filter>include\common</Filter>
    </ClInclude>
    <ClInclude Include="include\common\SkillTargetType.h">
      <Filter>include\common</Filter>
    </ClInclude>
    <ClInclude Include="include\common\SConnection.h">
      <Filter>include\common</Filter>
    </ClInclude>
    <ClInclude Include="include\common\SDatabase.h">
      <Filter>include\common</Filter>
    </ClInclude>
    <ClInclude Include="include\common\SDatabasePool.h">
      <Filter>include\common</Filter>
    </ClInclude>
    <ClInclude Include="include\common\Sentinel.h">
      <Filter>include\common</Filter>
    </ClInclude>
    <ClInclude Include="include\common\SInternetAddress.h">
      <Filter>include\common</Filter>
    </ClInclude>
    <ClInclude Include="include\common\SLog.h">
      <Filter>include\common</Filter>
    </ClInclude>
    <ClInclude Include="include\common\SNode.h">
      <Filter>include\common</Filter>
    </ClInclude>
    <ClInclude Include="include\common\SSyncHeap.h">
      <Filter>include\common</Filter>
    </ClInclude>
    <ClInclude Include="include\common\SSyncList.h">
      <Filter>include\common</Filter>
    </ClInclude>
    <ClInclude Include="include\common\SSyncMap.h">
      <Filter>include\common</Filter>
    </ClInclude>
    <ClInclude Include="include\common\SSyncQueueBuffer.h">
      <Filter>include\common</Filter>
    </ClInclude>
    <ClInclude Include="include\common\SSyncQueueBufferSend.h">
      <Filter>include\common</Filter>
    </ClInclude>
    <ClInclude Include="include\common\SSyncQueueStatus.h">
      <Filter>include\common</Filter>
    </ClInclude>
  </ItemGroup>
</Project>