<?xml version="1.0" encoding="utf-8"?>
<Project ToolsVersion="4.0" xmlns="http://schemas.microsoft.com/developer/msbuild/2003">
  <ItemGroup>
    <Filter Include="include">
      <UniqueIdentifier>{93995380-89BD-4b04-88EB-625FBE52EBFB}</UniqueIdentifier>
      <Extensions>h;hh;hpp;hxx;h++;hm;inl;inc;ipp;xsd</Extensions>
    </Filter>
    <Filter Include="include\common">
      <UniqueIdentifier>{00a0a9e7-3372-40cf-89df-0f5a7cd1a7da}</UniqueIdentifier>
    </Filter>
  </ItemGroup>
  <ItemGroup>
    <ClInclude Include="include\common\Attribute.h">
      <Filter>include\common</Filter>
    </ClInclude>
    <ClInclude Include="include\common\Country.h">
      <Filter>include\common</Filter>
    </ClInclude>
    <ClInclude Include="include\common\Family.h">
      <Filter>include\common</Filter>
    </ClInclude>
    <ClInclude Include="include\common\Grow.h">
      <Filter>include\common</Filter>
    </ClInclude>
    <ClInclude Include="include\common\Job.h">
      <Filter>include\common</Filter>
    </ClInclude>
    <ClInclude Include="include\common\Sex.h">
      <Filter>include\common</Filter>
    </ClInclude>
    <ClInclude Include="include\common.h">
      <Filter>include</Filter>
    </ClInclude>
    <ClInclude Include="include\common\PartyTypes.h">
      <Filter>include\common</Filter>
    </ClInclude>
    <ClInclude Include="include\common\SkillTypes.h">
      <Filter>include\common</Filter>
    </ClInclude>
    <ClInclude Include="include\common\ItemTypes.h">
      <Filter>include\common</Filter>
    </ClInclude>
    <ClInclude Include="include\common\UserTypes.h">
      <Filter>include\common</Filter>
    </ClInclude>
    <ClInclude Include="include\common\QuestTypes.h">
      <Filter>include\common</Filter>
    </ClInclude>
    <ClInclude Include="include\common\DateTime.h">
      <Filter>include\common</Filter>
    </ClInclude>
  </ItemGroup>
</Project>