<?xml version="1.0" encoding="utf-8"?>
<Project ToolsVersion="4.0" xmlns="http://schemas.microsoft.com/developer/msbuild/2003">
  <ItemGroup>
    <Filter Include="include">
      <UniqueIdentifier>{93995380-89BD-4b04-88EB-625FBE52EBFB}</UniqueIdentifier>
      <Extensions>h;hh;hpp;hxx;h++;hm;inl;inc;ipp;xsd</Extensions>
    </Filter>
    <Filter Include="resources">
      <UniqueIdentifier>{67DA6AB6-F800-4c08-8B7A-83BB121AAD01}</UniqueIdentifier>
      <Extensions>rc;ico;cur;bmp;dlg;rc2;rct;bin;rgs;gif;jpg;jpeg;jpe;resx;tiff;tif;png;wav;mfcribbon-ms</Extensions>
    </Filter>
    <Filter Include="src">
      <UniqueIdentifier>{4FC737F1-C7A5-4376-A066-2A32D752A2FF}</UniqueIdentifier>
      <Extensions>cpp;c;cc;cxx;c++;cppm;ixx;def;odl;idl;hpj;bat;asm;asmx</Extensions>
    </Filter>
    <Filter Include="include\shaiya">
      <UniqueIdentifier>{c4b58948-68c6-4e1b-aa1d-cb19965c03f0}</UniqueIdentifier>
    </Filter>
  </ItemGroup>
  <ItemGroup>
    <ClInclude Include="include\main.h">
      <Filter>include</Filter>
    </ClInclude>
    <ClInclude Include="resources\resource.h">
      <Filter>include</Filter>
    </ClInclude>
    <ClInclude Include="include\shaiya\BaseItem.h">
      <Filter>include\shaiya</Filter>
    </ClInclude>
    <ClInclude Include="include\shaiya\BillingItemInfo.h">
      <Filter>include\shaiya</Filter>
    </ClInclude>
    <ClInclude Include="include\shaiya\BlockInfo.h">
      <Filter>include\shaiya</Filter>
    </ClInclude>
    <ClInclude Include="include\shaiya\CCharacterList.h">
      <Filter>include\shaiya</Filter>
    </ClInclude>
    <ClInclude Include="include\shaiya\CItem.h">
      <Filter>include\shaiya</Filter>
    </ClInclude>
    <ClInclude Include="include\shaiya\ConcernMarket.h">
      <Filter>include\shaiya</Filter>
    </ClInclude>
    <ClInclude Include="include\shaiya\CPointItem.h">
      <Filter>include\shaiya</Filter>
    </ClInclude>
    <ClInclude Include="include\shaiya\CQuest.h">
      <Filter>include\shaiya</Filter>
    </ClInclude>
    <ClInclude Include="include\shaiya\CQuick.h">
      <Filter>include\shaiya</Filter>
    </ClInclude>
    <ClInclude Include="include\shaiya\CSkill.h">
      <Filter>include\shaiya</Filter>
    </ClInclude>
    <ClInclude Include="include\shaiya\CUser.h">
      <Filter>include\shaiya</Filter>
    </ClInclude>
    <ClInclude Include="include\shaiya\DBCharacterList.h">
      <Filter>include\shaiya</Filter>
    </ClInclude>
    <ClInclude Include="include\shaiya\DeleteFriend.h">
      <Filter>include\shaiya</Filter>
    </ClInclude>
    <ClInclude Include="include\shaiya\DeleteItem.h">
      <Filter>include\shaiya</Filter>
    </ClInclude>
    <ClInclude Include="include\shaiya\DeleteQuest.h">
      <Filter>include\shaiya</Filter>
    </ClInclude>
    <ClInclude Include="include\shaiya\FriendInfo.h">
      <Filter>include\shaiya</Filter>
    </ClInclude>
    <ClInclude Include="include\shaiya\PointItemGift.h">
      <Filter>include\shaiya</Filter>
    </ClInclude>
    <ClInclude Include="include\shaiya\PointLog.h">
      <Filter>include\shaiya</Filter>
    </ClInclude>
    <ClInclude Include="include\shaiya\SavePoint.h">
      <Filter>include\shaiya</Filter>
    </ClInclude>
    <ClInclude Include="include\shaiya\SaveType.h">
      <Filter>include\shaiya</Filter>
    </ClInclude>
    <ClInclude Include="include\shaiya\SConnection.h">
      <Filter>include\shaiya</Filter>
    </ClInclude>
    <ClInclude Include="include\shaiya\SConnectionParam.h">
      <Filter>include\shaiya</Filter>
    </ClInclude>
    <ClInclude Include="include\shaiya\SDatabase.h">
      <Filter>include\shaiya</Filter>
    </ClInclude>
    <ClInclude Include="include\shaiya\SDatabasePool.h">
      <Filter>include\shaiya</Filter>
    </ClInclude>
    <ClInclude Include="include\shaiya\SDBDispatchClient.h">
      <Filter>include\shaiya</Filter>
    </ClInclude>
    <ClInclude Include="include\shaiya\SInternetAddress.h">
      <Filter>include\shaiya</Filter>
    </ClInclude>
    <ClInclude Include="include\shaiya\SLog.h">
      <Filter>include\shaiya</Filter>
    </ClInclude>
    <ClInclude Include="include\shaiya\SNode.h">
      <Filter>include\shaiya</Filter>
    </ClInclude>
    <ClInclude Include="include\shaiya\SPacketBufferSend.h">
      <Filter>include\shaiya</Filter>
    </ClInclude>
    <ClInclude Include="include\shaiya\SQueuePrioritySendNode.h">
      <Filter>include\shaiya</Filter>
    </ClInclude>
    <ClInclude Include="include\shaiya\SQueueSendNode.h">
      <Filter>include\shaiya</Filter>
    </ClInclude>
    <ClInclude Include="include\shaiya\SQueueStatusNode.h">
      <Filter>include\shaiya</Filter>
    </ClInclude>
    <ClInclude Include="include\shaiya\SSyncList.h">
      <Filter>include\shaiya</Filter>
    </ClInclude>
    <ClInclude Include="include\shaiya\SSyncQueueBuffer.h">
      <Filter>include\shaiya</Filter>
    </ClInclude>
    <ClInclude Include="include\shaiya\SSyncQueueBufferSend.h">
      <Filter>include\shaiya</Filter>
    </ClInclude>
    <ClInclude Include="include\shaiya\SSyncQueueStatus.h">
      <Filter>include\shaiya</Filter>
    </ClInclude>
    <ClInclude Include="include\shaiya\StatResetBackup.h">
      <Filter>include\shaiya</Filter>
    </ClInclude>
  </ItemGroup>
  <ItemGroup>
    <ClCompile Include="src\dllmain.cpp">
      <Filter>src</Filter>
    </ClCompile>
    <ClCompile Include="src\main.cpp">
      <Filter>src</Filter>
    </ClCompile>
    <ClCompile Include="src\character.cpp">
      <Filter>src</Filter>
    </ClCompile>
    <ClCompile Include="src\character_list.cpp">
      <Filter>src</Filter>
    </ClCompile>
    <ClCompile Include="include\shaiya\SConnection.cpp">
      <Filter>include\shaiya</Filter>
    </ClCompile>
    <ClCompile Include="include\shaiya\SDatabase.cpp">
      <Filter>include\shaiya</Filter>
    </ClCompile>
    <ClCompile Include="include\shaiya\SDatabasePool.cpp">
      <Filter>include\shaiya</Filter>
    </ClCompile>
  </ItemGroup>
  <ItemGroup>
    <ResourceCompile Include="resources\sdev.rc">
      <Filter>resources</Filter>
    </ResourceCompile>
  </ItemGroup>
</Project>