<?xml version="1.0" encoding="utf-8"?>
<Project ToolsVersion="4.0" xmlns="http://schemas.microsoft.com/developer/msbuild/2003">
  <ItemGroup>
    <Filter Include="include">
      <UniqueIdentifier>{93995380-89BD-4b04-88EB-625FBE52EBFB}</UniqueIdentifier>
      <Extensions>h;hh;hpp;hxx;h++;hm;inl;inc;ipp;xsd</Extensions>
    </Filter>
  </ItemGroup>
  <ItemGroup>
    <ClInclude Include="include\algorithm.hpp">
      <Filter>include</Filter>
    </ClInclude>
    <ClInclude Include="include\concepts.hpp">
      <Filter>include</Filter>
    </ClInclude>
    <ClInclude Include="include\filesystem.hpp">
      <Filter>include</Filter>
    </ClInclude>
    <ClInclude Include="include\functional.hpp">
      <Filter>include</Filter>
    </ClInclude>
    <ClInclude Include="include\string.hpp">
      <Filter>include</Filter>
    </ClInclude>
    <ClInclude Include="include\type_traits.hpp">
      <Filter>include</Filter>
    </ClInclude>
  </ItemGroup>
</Project>