<?xml version="1.0" encoding="utf-8"?>
<Project ToolsVersion="4.0" xmlns="http://schemas.microsoft.com/developer/msbuild/2003">
  <ItemGroup>
    <Filter Include="src">
      <UniqueIdentifier>{4FC737F1-C7A5-4376-A066-2A32D752A2FF}</UniqueIdentifier>
      <Extensions>cpp;c;cc;cxx;c++;cppm;ixx;def;odl;idl;hpj;bat;asm;asmx</Extensions>
    </Filter>
    <Filter Include="include">
      <UniqueIdentifier>{93995380-89BD-4b04-88EB-625FBE52EBFB}</UniqueIdentifier>
      <Extensions>h;hh;hpp;hxx;h++;hm;inl;inc;ipp;xsd</Extensions>
    </Filter>
    <Filter Include="include\shaiya">
      <UniqueIdentifier>{7e3f2a7d-986f-466a-96d2-9951d8e5e04b}</UniqueIdentifier>
    </Filter>
    <Filter Include="resources">
      <UniqueIdentifier>{67DA6AB6-F800-4c08-8B7A-83BB121AAD01}</UniqueIdentifier>
      <Extensions>rc;ico;cur;bmp;dlg;rc2;rct;bin;rgs;gif;jpg;jpeg;jpe;resx;tiff;tif;png;wav;mfcribbon-ms</Extensions>
    </Filter>
    <Filter Include="include\extensions">
      <UniqueIdentifier>{99dd9b30-979f-4b4c-a819-980d87c51178}</UniqueIdentifier>
    </Filter>
  </ItemGroup>
  <ItemGroup>
    <ClCompile Include="src\dllmain.cpp">
      <Filter>src</Filter>
    </ClCompile>
    <ClCompile Include="src\main.cpp">
      <Filter>src</Filter>
    </ClCompile>
    <ClCompile Include="src\packet_shop.cpp">
      <Filter>src</Filter>
    </ClCompile>
    <ClCompile Include="src\user_shape.cpp">
      <Filter>src</Filter>
    </ClCompile>
    <ClCompile Include="src\packet_character.cpp">
      <Filter>src</Filter>
    </ClCompile>
    <ClCompile Include="src\user_status.cpp">
      <Filter>src</Filter>
    </ClCompile>
    <ClCompile Include="src\packet_gem.cpp">
      <Filter>src</Filter>
    </ClCompile>
    <ClCompile Include="src\user_equipment.cpp">
      <Filter>src</Filter>
    </ClCompile>
    <ClCompile Include="src\packet_exchange.cpp">
      <Filter>src</Filter>
    </ClCompile>
    <ClCompile Include="src\packet_market.cpp">
      <Filter>src</Filter>
    </ClCompile>
    <ClCompile Include="src\packet_myshop.cpp">
      <Filter>src</Filter>
    </ClCompile>
    <ClCompile Include="src\item_effect.cpp">
      <Filter>src</Filter>
    </ClCompile>
    <ClCompile Include="src\packet_quest.cpp">
      <Filter>src</Filter>
    </ClCompile>
    <ClCompile Include="src\user_skill.cpp">
      <Filter>src</Filter>
    </ClCompile>
    <ClCompile Include="src\packet_main_interface.cpp">
      <Filter>src</Filter>
    </ClCompile>
    <ClCompile Include="src\packet_party.cpp">
      <Filter>src</Filter>
    </ClCompile>
    <ClCompile Include="src\packet_mailbox.cpp">
      <Filter>src</Filter>
    </ClCompile>
    <ClCompile Include="src\packet_reward_item.cpp">
      <Filter>src</Filter>
    </ClCompile>
    <ClCompile Include="src\world_thread.cpp">
      <Filter>src</Filter>
    </ClCompile>
    <ClCompile Include="src\packet_pc.cpp">
      <Filter>src</Filter>
    </ClCompile>
    <ClCompile Include="include\shaiya\CGameData.cpp">
      <Filter>include\shaiya</Filter>
    </ClCompile>
    <ClCompile Include="include\shaiya\CGuild.cpp">
      <Filter>include\shaiya</Filter>
    </ClCompile>
    <ClCompile Include="include\shaiya\CItem.cpp">
      <Filter>include\shaiya</Filter>
    </ClCompile>
    <ClCompile Include="include\shaiya\CItemDrop.cpp">
      <Filter>include\shaiya</Filter>
    </ClCompile>
    <ClCompile Include="include\shaiya\CMob.cpp">
      <Filter>include\shaiya</Filter>
    </ClCompile>
    <ClCompile Include="include\shaiya\CObject.cpp">
      <Filter>include\shaiya</Filter>
    </ClCompile>
    <ClCompile Include="include\shaiya\CObjectMgr.cpp">
      <Filter>include\shaiya</Filter>
    </ClCompile>
    <ClCompile Include="include\shaiya\CParty.cpp">
      <Filter>include\shaiya</Filter>
    </ClCompile>
    <ClCompile Include="include\shaiya\CUser.cpp">
      <Filter>include\shaiya</Filter>
    </ClCompile>
    <ClCompile Include="include\shaiya\CWorld.cpp">
      <Filter>include\shaiya</Filter>
    </ClCompile>
    <ClCompile Include="include\shaiya\CZone.cpp">
      <Filter>include\shaiya</Filter>
    </ClCompile>
    <ClCompile Include="include\shaiya\ItemHelper.cpp">
      <Filter>include\shaiya</Filter>
    </ClCompile>
    <ClCompile Include="include\shaiya\MyShop.cpp">
      <Filter>include\shaiya</Filter>
    </ClCompile>
    <ClCompile Include="include\shaiya\NetworkHelper.cpp">
      <Filter>include\shaiya</Filter>
    </ClCompile>
    <ClCompile Include="include\shaiya\RevengeMark.cpp">
      <Filter>include\shaiya</Filter>
    </ClCompile>
    <ClCompile Include="include\shaiya\RewardItem.cpp">
      <Filter>include\shaiya</Filter>
    </ClCompile>
    <ClCompile Include="include\shaiya\SConnection.cpp">
      <Filter>include\shaiya</Filter>
    </ClCompile>
    <ClCompile Include="include\shaiya\SConnectionTBaseReconnect.cpp">
      <Filter>include\shaiya</Filter>
    </ClCompile>
    <ClCompile Include="include\shaiya\SDatabase.cpp">
      <Filter>include\shaiya</Filter>
    </ClCompile>
    <ClCompile Include="include\shaiya\SDatabasePool.cpp">
      <Filter>include\shaiya</Filter>
    </ClCompile>
    <ClCompile Include="include\shaiya\SLog.cpp">
      <Filter>include\shaiya</Filter>
    </ClCompile>
    <ClCompile Include="include\shaiya\Static.cpp">
      <Filter>include\shaiya</Filter>
    </ClCompile>
    <ClCompile Include="include\shaiya\SVector.cpp">
      <Filter>include\shaiya</Filter>
    </ClCompile>
    <ClCompile Include="include\shaiya\Synergy.cpp">
      <Filter>include\shaiya</Filter>
    </ClCompile>
    <ClCompile Include="include\shaiya\UserHelper.cpp">
      <Filter>include\shaiya</Filter>
    </ClCompile>
    <ClCompile Include="include\shaiya\Configuration.cpp">
      <Filter>include\shaiya</Filter>
    </ClCompile>
    <ClCompile Include="include\shaiya\SBinaryReader.cpp">
      <Filter>include\shaiya</Filter>
    </ClCompile>
  </ItemGroup>
  <ItemGroup>
    <ClInclude Include="include\main.h">
      <Filter>include</Filter>
    </ClInclude>
    <ClInclude Include="resources\resource.h">
      <Filter>include</Filter>
    </ClInclude>
    <ClInclude Include="include\shaiya\AdminInfo.h">
      <Filter>include\shaiya</Filter>
    </ClInclude>
    <ClInclude Include="include\shaiya\AesKey.h">
      <Filter>include\shaiya</Filter>
    </ClInclude>
    <ClInclude Include="include\shaiya\AStar.h">
      <Filter>include\shaiya</Filter>
    </ClInclude>
    <ClInclude Include="include\shaiya\Attack.h">
      <Filter>include\shaiya</Filter>
    </ClInclude>
    <ClInclude Include="include\shaiya\AttackAdd.h">
      <Filter>include\shaiya</Filter>
    </ClInclude>
    <ClInclude Include="include\shaiya\AttackMob.h">
      <Filter>include\shaiya</Filter>
    </ClInclude>
    <ClInclude Include="include\shaiya\BillingItemInfo.h">
      <Filter>include\shaiya</Filter>
    </ClInclude>
    <ClInclude Include="include\shaiya\BlockInfo.h">
      <Filter>include\shaiya</Filter>
    </ClInclude>
    <ClInclude Include="include\shaiya\CBitArray.h">
      <Filter>include\shaiya</Filter>
    </ClInclude>
    <ClInclude Include="include\shaiya\CClientToDBAgent.h">
      <Filter>include\shaiya</Filter>
    </ClInclude>
    <ClInclude Include="include\shaiya\CClientToGameLog.h">
      <Filter>include\shaiya</Filter>
    </ClInclude>
    <ClInclude Include="include\shaiya\CClientToMgr.h">
      <Filter>include\shaiya</Filter>
    </ClInclude>
    <ClInclude Include="include\shaiya\CDamage.h">
      <Filter>include\shaiya</Filter>
    </ClInclude>
    <ClInclude Include="include\shaiya\CDamageMob.h">
      <Filter>include\shaiya</Filter>
    </ClInclude>
    <ClInclude Include="include\shaiya\CDoor.h">
      <Filter>include\shaiya</Filter>
    </ClInclude>
    <ClInclude Include="include\shaiya\CExchange.h">
      <Filter>include\shaiya</Filter>
    </ClInclude>
    <ClInclude Include="include\shaiya\CExchangePvP.h">
      <Filter>include\shaiya</Filter>
    </ClInclude>
    <ClInclude Include="include\shaiya\CFriend.h">
      <Filter>include\shaiya</Filter>
    </ClInclude>
    <ClInclude Include="include\shaiya\CGameData.h">
      <Filter>include\shaiya</Filter>
    </ClInclude>
    <ClInclude Include="include\shaiya\CGuild.h">
      <Filter>include\shaiya</Filter>
    </ClInclude>
    <ClInclude Include="include\shaiya\CGuildCreate.h">
      <Filter>include\shaiya</Filter>
    </ClInclude>
    <ClInclude Include="include\shaiya\CharacterList.h">
      <Filter>include\shaiya</Filter>
    </ClInclude>
    <ClInclude Include="include\shaiya\ChasePathList.h">
      <Filter>include\shaiya</Filter>
    </ClInclude>
    <ClInclude Include="include\shaiya\ChasePathNode.h">
      <Filter>include\shaiya</Filter>
    </ClInclude>
    <ClInclude Include="include\shaiya\CInterfaceAI.h">
      <Filter>include\shaiya</Filter>
    </ClInclude>
    <ClInclude Include="include\shaiya\CItem.h">
      <Filter>include\shaiya</Filter>
    </ClInclude>
    <ClInclude Include="include\shaiya\CItemDrop.h">
      <Filter>include\shaiya</Filter>
    </ClInclude>
    <ClInclude Include="include\shaiya\CLogConnection.h">
      <Filter>include\shaiya</Filter>
    </ClInclude>
    <ClInclude Include="include\shaiya\CloneUser.h">
      <Filter>include\shaiya</Filter>
    </ClInclude>
    <ClInclude Include="include\shaiya\CMap.h">
      <Filter>include\shaiya</Filter>
    </ClInclude>
    <ClInclude Include="include\shaiya\CMapRegion.h">
      <Filter>include\shaiya</Filter>
    </ClInclude>
    <ClInclude Include="include\shaiya\CMiniGame.h">
      <Filter>include\shaiya</Filter>
    </ClInclude>
    <ClInclude Include="include\shaiya\CMob.h">
      <Filter>include\shaiya</Filter>
    </ClInclude>
    <ClInclude Include="include\shaiya\CMonitorNet.h">
      <Filter>include\shaiya</Filter>
    </ClInclude>
    <ClInclude Include="include\shaiya\CNpc.h">
      <Filter>include\shaiya</Filter>
    </ClInclude>
    <ClInclude Include="include\shaiya\CNpcData.h">
      <Filter>include\shaiya</Filter>
    </ClInclude>
    <ClInclude Include="include\shaiya\CObject.h">
      <Filter>include\shaiya</Filter>
    </ClInclude>
    <ClInclude Include="include\shaiya\CObjectConnection.h">
      <Filter>include\shaiya</Filter>
    </ClInclude>
    <ClInclude Include="include\shaiya\CObjectLink.h">
      <Filter>include\shaiya</Filter>
    </ClInclude>
    <ClInclude Include="include\shaiya\CObjectMgr.h">
      <Filter>include\shaiya</Filter>
    </ClInclude>
    <ClInclude Include="include\shaiya\CObjectMoveable.h">
      <Filter>include\shaiya</Filter>
    </ClInclude>
    <ClInclude Include="include\shaiya\CParty.h">
      <Filter>include\shaiya</Filter>
    </ClInclude>
    <ClInclude Include="include\shaiya\CQuest.h">
      <Filter>include\shaiya</Filter>
    </ClInclude>
    <ClInclude Include="include\shaiya\CServer.h">
      <Filter>include\shaiya</Filter>
    </ClInclude>
    <ClInclude Include="include\shaiya\CSkill.h">
      <Filter>include\shaiya</Filter>
    </ClInclude>
    <ClInclude Include="include\shaiya\CTrap.h">
      <Filter>include\shaiya</Filter>
    </ClInclude>
    <ClInclude Include="include\shaiya\CUser.h">
      <Filter>include\shaiya</Filter>
    </ClInclude>
    <ClInclude Include="include\shaiya\CUserCrypto.h">
      <Filter>include\shaiya</Filter>
    </ClInclude>
    <ClInclude Include="include\shaiya\CWorld.h">
      <Filter>include\shaiya</Filter>
    </ClInclude>
    <ClInclude Include="include\shaiya\CZone.h">
      <Filter>include\shaiya</Filter>
    </ClInclude>
    <ClInclude Include="include\shaiya\CZoneLink.h">
      <Filter>include\shaiya</Filter>
    </ClInclude>
    <ClInclude Include="include\shaiya\CZoneNode.h">
      <Filter>include\shaiya</Filter>
    </ClInclude>
    <ClInclude Include="include\shaiya\Damage.h">
      <Filter>include\shaiya</Filter>
    </ClInclude>
    <ClInclude Include="include\shaiya\DamageMob.h">
      <Filter>include\shaiya</Filter>
    </ClInclude>
    <ClInclude Include="include\shaiya\DBCharacterList.h">
      <Filter>include\shaiya</Filter>
    </ClInclude>
    <ClInclude Include="include\shaiya\ExcItem.h">
      <Filter>include\shaiya</Filter>
    </ClInclude>
    <ClInclude Include="include\shaiya\FriendInfo.h">
      <Filter>include\shaiya</Filter>
    </ClInclude>
    <ClInclude Include="include\shaiya\GateLink.h">
      <Filter>include\shaiya</Filter>
    </ClInclude>
    <ClInclude Include="include\shaiya\GuildUserInfo.h">
      <Filter>include\shaiya</Filter>
    </ClInclude>
    <ClInclude Include="include\shaiya\HPAbility.h">
      <Filter>include\shaiya</Filter>
    </ClInclude>
    <ClInclude Include="include\shaiya\InsZonePortal.h">
      <Filter>include\shaiya</Filter>
    </ClInclude>
    <ClInclude Include="include\shaiya\ItemEnchant.h">
      <Filter>include\shaiya</Filter>
    </ClInclude>
    <ClInclude Include="include\shaiya\ItemHelper.h">
      <Filter>include\shaiya</Filter>
    </ClInclude>
    <ClInclude Include="include\shaiya\ItemInfo.h">
      <Filter>include\shaiya</Filter>
    </ClInclude>
    <ClInclude Include="include\shaiya\ItemRemake.h">
      <Filter>include\shaiya</Filter>
    </ClInclude>
    <ClInclude Include="include\shaiya\KillCountInfo.h">
      <Filter>include\shaiya</Filter>
    </ClInclude>
    <ClInclude Include="include\shaiya\MapBind.h">
      <Filter>include\shaiya</Filter>
    </ClInclude>
    <ClInclude Include="include\shaiya\MapBoss.h">
      <Filter>include\shaiya</Filter>
    </ClInclude>
    <ClInclude Include="include\shaiya\MapBossMob.h">
      <Filter>include\shaiya</Filter>
    </ClInclude>
    <ClInclude Include="include\shaiya\MapCurse.h">
      <Filter>include\shaiya</Filter>
    </ClInclude>
    <ClInclude Include="include\shaiya\MapDoor.h">
      <Filter>include\shaiya</Filter>
    </ClInclude>
    <ClInclude Include="include\shaiya\MapMob.h">
      <Filter>include\shaiya</Filter>
    </ClInclude>
    <ClInclude Include="include\shaiya\MapNpc.h">
      <Filter>include\shaiya</Filter>
    </ClInclude>
    <ClInclude Include="include\shaiya\MapOpenTime.h">
      <Filter>include\shaiya</Filter>
    </ClInclude>
    <ClInclude Include="include\shaiya\MapOther.h">
      <Filter>include\shaiya</Filter>
    </ClInclude>
    <ClInclude Include="include\shaiya\MapPortal.h">
      <Filter>include\shaiya</Filter>
    </ClInclude>
    <ClInclude Include="include\shaiya\MapPos.h">
      <Filter>include\shaiya</Filter>
    </ClInclude>
    <ClInclude Include="include\shaiya\MapSadari.h">
      <Filter>include\shaiya</Filter>
    </ClInclude>
    <ClInclude Include="include\shaiya\MapWeather.h">
      <Filter>include\shaiya</Filter>
    </ClInclude>
    <ClInclude Include="include\shaiya\MobAttackInfo.h">
      <Filter>include\shaiya</Filter>
    </ClInclude>
    <ClInclude Include="include\shaiya\MobInfo.h">
      <Filter>include\shaiya</Filter>
    </ClInclude>
    <ClInclude Include="include\shaiya\MobItemDropInfo.h">
      <Filter>include\shaiya</Filter>
    </ClInclude>
    <ClInclude Include="include\shaiya\MobRespawn.h">
      <Filter>include\shaiya</Filter>
    </ClInclude>
    <ClInclude Include="include\shaiya\MyShop.h">
      <Filter>include\shaiya</Filter>
    </ClInclude>
    <ClInclude Include="include\shaiya\NetworkHelper.h">
      <Filter>include\shaiya</Filter>
    </ClInclude>
    <ClInclude Include="include\shaiya\Npc.h">
      <Filter>include\shaiya</Filter>
    </ClInclude>
    <ClInclude Include="include\shaiya\NpcGateKeeper.h">
      <Filter>include\shaiya</Filter>
    </ClInclude>
    <ClInclude Include="include\shaiya\NpcShop.h">
      <Filter>include\shaiya</Filter>
    </ClInclude>
    <ClInclude Include="include\shaiya\PartyUser.h">
      <Filter>include\shaiya</Filter>
    </ClInclude>
    <ClInclude Include="include\shaiya\PointLog.h">
      <Filter>include\shaiya</Filter>
    </ClInclude>
    <ClInclude Include="include\shaiya\ProductInfo.h">
      <Filter>include\shaiya</Filter>
    </ClInclude>
    <ClInclude Include="include\shaiya\QuestInfo.h">
      <Filter>include\shaiya</Filter>
    </ClInclude>
    <ClInclude Include="include\shaiya\QuestItem.h">
      <Filter>include\shaiya</Filter>
    </ClInclude>
    <ClInclude Include="include\shaiya\QuestLink.h">
      <Filter>include\shaiya</Filter>
    </ClInclude>
    <ClInclude Include="include\shaiya\QuestResult.h">
      <Filter>include\shaiya</Filter>
    </ClInclude>
    <ClInclude Include="include\shaiya\Quick.h">
      <Filter>include\shaiya</Filter>
    </ClInclude>
    <ClInclude Include="include\shaiya\RevengeMark.h">
      <Filter>include\shaiya</Filter>
    </ClInclude>
    <ClInclude Include="include\shaiya\RewardItem.h">
      <Filter>include\shaiya</Filter>
    </ClInclude>
    <ClInclude Include="include\shaiya\SAes.h">
      <Filter>include\shaiya</Filter>
    </ClInclude>
    <ClInclude Include="include\shaiya\SBoxAxis.h">
      <Filter>include\shaiya</Filter>
    </ClInclude>
    <ClInclude Include="include\shaiya\SConnection.h">
      <Filter>include\shaiya</Filter>
    </ClInclude>
    <ClInclude Include="include\shaiya\SConnectionCustomRecv.h">
      <Filter>include\shaiya</Filter>
    </ClInclude>
    <ClInclude Include="include\shaiya\SConnectionCustomRecvTBase.h">
      <Filter>include\shaiya</Filter>
    </ClInclude>
    <ClInclude Include="include\shaiya\SConnectionParam.h">
      <Filter>include\shaiya</Filter>
    </ClInclude>
    <ClInclude Include="include\shaiya\SConnectionTBase.h">
      <Filter>include\shaiya</Filter>
    </ClInclude>
    <ClInclude Include="include\shaiya\SConnectionTBaseReconnect.h">
      <Filter>include\shaiya</Filter>
    </ClInclude>
    <ClInclude Include="include\shaiya\SConnectionTServer.h">
      <Filter>include\shaiya</Filter>
    </ClInclude>
    <ClInclude Include="include\shaiya\SConnectionTServerReconnect.h">
      <Filter>include\shaiya</Filter>
    </ClInclude>
    <ClInclude Include="include\shaiya\SDatabase.h">
      <Filter>include\shaiya</Filter>
    </ClInclude>
    <ClInclude Include="include\shaiya\SDatabasePool.h">
      <Filter>include\shaiya</Filter>
    </ClInclude>
    <ClInclude Include="include\shaiya\ShopItem.h">
      <Filter>include\shaiya</Filter>
    </ClInclude>
    <ClInclude Include="include\shaiya\SInternetAddress.h">
      <Filter>include\shaiya</Filter>
    </ClInclude>
    <ClInclude Include="include\shaiya\SkillInfo.h">
      <Filter>include\shaiya</Filter>
    </ClInclude>
    <ClInclude Include="include\shaiya\SLog.h">
      <Filter>include\shaiya</Filter>
    </ClInclude>
    <ClInclude Include="include\shaiya\SNode.h">
      <Filter>include\shaiya</Filter>
    </ClInclude>
    <ClInclude Include="include\shaiya\SNodeSendAll.h">
      <Filter>include\shaiya</Filter>
    </ClInclude>
    <ClInclude Include="include\shaiya\SPacketBufferSend.h">
      <Filter>include\shaiya</Filter>
    </ClInclude>
    <ClInclude Include="include\shaiya\SQueuePrioritySendNode.h">
      <Filter>include\shaiya</Filter>
    </ClInclude>
    <ClInclude Include="include\shaiya\SQueueSendNode.h">
      <Filter>include\shaiya</Filter>
    </ClInclude>
    <ClInclude Include="include\shaiya\SSyncHeap.h">
      <Filter>include\shaiya</Filter>
    </ClInclude>
    <ClInclude Include="include\shaiya\SSyncList.h">
      <Filter>include\shaiya</Filter>
    </ClInclude>
    <ClInclude Include="include\shaiya\SSyncMap.h">
      <Filter>include\shaiya</Filter>
    </ClInclude>
    <ClInclude Include="include\shaiya\SSyncQueueBuffer.h">
      <Filter>include\shaiya</Filter>
    </ClInclude>
    <ClInclude Include="include\shaiya\SSyncQueueBufferPriority.h">
      <Filter>include\shaiya</Filter>
    </ClInclude>
    <ClInclude Include="include\shaiya\SSyncQueueBufferSend.h">
      <Filter>include\shaiya</Filter>
    </ClInclude>
    <ClInclude Include="include\shaiya\StackStateMachine.h">
      <Filter>include\shaiya</Filter>
    </ClInclude>
    <ClInclude Include="include\shaiya\Static.h">
      <Filter>include\shaiya</Filter>
    </ClInclude>
    <ClInclude Include="include\shaiya\StoredPointItemInfo.h">
      <Filter>include\shaiya</Filter>
    </ClInclude>
    <ClInclude Include="include\shaiya\SVector.h">
      <Filter>include\shaiya</Filter>
    </ClInclude>
    <ClInclude Include="include\shaiya\Synergy.h">
      <Filter>include\shaiya</Filter>
    </ClInclude>
    <ClInclude Include="include\shaiya\ItemSynthesis.h">
      <Filter>include\shaiya</Filter>
    </ClInclude>
    <ClInclude Include="include\shaiya\Target.h">
      <Filter>include\shaiya</Filter>
    </ClInclude>
    <ClInclude Include="include\shaiya\TypeValue.h">
      <Filter>include\shaiya</Filter>
    </ClInclude>
    <ClInclude Include="include\shaiya\UserHelper.h">
      <Filter>include\shaiya</Filter>
    </ClInclude>
    <ClInclude Include="include\shaiya\UserInfo.h">
      <Filter>include\shaiya</Filter>
    </ClInclude>
    <ClInclude Include="include\shaiya\Configuration.h">
      <Filter>include\shaiya</Filter>
    </ClInclude>
    <ClInclude Include="include\shaiya\SBinaryReader.h">
      <Filter>include\shaiya</Filter>
    </ClInclude>
    <ClInclude Include="include\extensions\ranges.hpp">
      <Filter>include\extensions</Filter>
    </ClInclude>
    <ClInclude Include="include\extensions\filesystem.hpp">
      <Filter>include\extensions</Filter>
    </ClInclude>
    <ClInclude Include="include\shaiya\ItemPredicate.h">
      <Filter>include\shaiya</Filter>
    </ClInclude>
    <ClInclude Include="include\shaiya\ItemFinder.h">
      <Filter>include\shaiya</Filter>
    </ClInclude>
  </ItemGroup>
  <ItemGroup>
    <ResourceCompile Include="resources\sdev.rc">
      <Filter>resources</Filter>
    </ResourceCompile>
  </ItemGroup>
</Project>