<?xml version="1.0" encoding="utf-8"?>
<Project ToolsVersion="4.0" xmlns="http://schemas.microsoft.com/developer/msbuild/2003">
  <ItemGroup>
    <Filter Include="include">
      <UniqueIdentifier>{93995380-89BD-4b04-88EB-625FBE52EBFB}</UniqueIdentifier>
      <Extensions>h;hh;hpp;hxx;h++;hm;inl;inc;ipp;xsd</Extensions>
    </Filter>
    <Filter Include="resources">
      <UniqueIdentifier>{67DA6AB6-F800-4c08-8B7A-83BB121AAD01}</UniqueIdentifier>
      <Extensions>rc;ico;cur;bmp;dlg;rc2;rct;bin;rgs;gif;jpg;jpeg;jpe;resx;tiff;tif;png;wav;mfcribbon-ms</Extensions>
    </Filter>
    <Filter Include="src">
      <UniqueIdentifier>{4FC737F1-C7A5-4376-A066-2A32D752A2FF}</UniqueIdentifier>
      <Extensions>cpp;c;cc;cxx;c++;cppm;ixx;def;odl;idl;hpj;bat;asm;asmx</Extensions>
    </Filter>
    <Filter Include="include\shaiya">
      <UniqueIdentifier>{c4b58948-68c6-4e1b-aa1d-cb19965c03f0}</UniqueIdentifier>
    </Filter>
    <Filter Include="include\shaiya\include">
      <UniqueIdentifier>{77e9825d-4b8d-4580-b900-8ba88e7b02fb}</UniqueIdentifier>
    </Filter>
    <Filter Include="include\shaiya\src">
      <UniqueIdentifier>{0d90b2b8-763c-42b0-b724-9480d0d68042}</UniqueIdentifier>
    </Filter>
  </ItemGroup>
  <ItemGroup>
    <ClInclude Include="include\shaiya\include\CUser.h">
      <Filter>include\shaiya\include</Filter>
    </ClInclude>
    <ClInclude Include="include\shaiya\include\DBCharacter.h">
      <Filter>include\shaiya\include</Filter>
    </ClInclude>
    <ClInclude Include="include\main.h">
      <Filter>include</Filter>
    </ClInclude>
    <ClInclude Include="include\util.h">
      <Filter>include</Filter>
    </ClInclude>
    <ClInclude Include="resources\resource.h">
      <Filter>include</Filter>
    </ClInclude>
    <ClInclude Include="include\shaiya\include\CItem.h">
      <Filter>include\shaiya\include</Filter>
    </ClInclude>
    <ClInclude Include="include\shaiya\include\SDatabasePool.h">
      <Filter>include\shaiya\include</Filter>
    </ClInclude>
  </ItemGroup>
  <ItemGroup>
    <ClCompile Include="include\shaiya\src\DBCharacter.cpp">
      <Filter>include\shaiya\src</Filter>
    </ClCompile>
    <ClCompile Include="include\shaiya\src\SConnection.cpp">
      <Filter>include\shaiya\src</Filter>
    </ClCompile>
    <ClCompile Include="src\dllmain.cpp">
      <Filter>src</Filter>
    </ClCompile>
    <ClCompile Include="src\main.cpp">
      <Filter>src</Filter>
    </ClCompile>
    <ClCompile Include="src\character_create.cpp">
      <Filter>src</Filter>
    </ClCompile>
    <ClCompile Include="include\shaiya\src\SDatabase.cpp">
      <Filter>include\shaiya\src</Filter>
    </ClCompile>
    <ClCompile Include="include\shaiya\src\SDatabasePool.cpp">
      <Filter>include\shaiya\src</Filter>
    </ClCompile>
    <ClCompile Include="src\character_list.cpp">
      <Filter>src</Filter>
    </ClCompile>
    <ClCompile Include="src\util.cpp">
      <Filter>src</Filter>
    </ClCompile>
  </ItemGroup>
  <ItemGroup>
    <ResourceCompile Include="resources\sdev.rc">
      <Filter>resources</Filter>
    </ResourceCompile>
  </ItemGroup>
</Project>